
Microsoft Visual Studio Solution File, Format Version 12.00
# Visual Studio Version 17
VisualStudioVersion = 17.9.34728.123
MinimumVisualStudioVersion = 10.0.40219.1
Project("{9A19103F-16F7-4668-BE54-9A1E7A4F7556}") = "ShoppingCart", "ShoppingCart\ShoppingCart.csproj", "{C3F569B1-AC70-4212-86D8-C2910A445071}"
EndProject
Project("{2150E333-8FDC-42A3-9474-1A3956D46DE8}") = "src", "src", "{C7F19633-4662-4957-BAD3-16AD9A49D361}"
EndProject
Project("{2150E333-8FDC-42A3-9474-1A3956D46DE8}") = "tests", "tests", "{F6428EEF-2D21-4171-A9B8-F1CD6F2AAF3E}"
EndProject
Project("{2150E333-8FDC-42A3-9474-1A3956D46DE8}") = "Application", "Application", "{4CFB07CC-22E6-4E49-A8B3-16EE110CC110}"
EndProject
Project("{2150E333-8FDC-42A3-9474-1A3956D46DE8}") = "Infrastructure", "Infrastructure", "{66B32C2E-415D-4456-97AB-96C542379578}"
EndProject
Project("{2150E333-8FDC-42A3-9474-1A3956D46DE8}") = "Domain", "Domain", "{B1547082-0714-4DB8-8CF1-A2C16FC84C03}"
EndProject
Project("{9A19103F-16F7-4668-BE54-9A1E7A4F7556}") = "Application", "Application\Application.csproj", "{1F03972D-44C1-4D3C-BE61-47E4AE3928D0}"
EndProject
Project("{9A19103F-16F7-4668-BE54-9A1E7A4F7556}") = "Domain", "Domain\Domain.csproj", "{1ADA9EEF-AEE4-423C-A111-DE75E3A5861D}"
EndProject
Project("{9A19103F-16F7-4668-BE54-9A1E7A4F7556}") = "Infrastructure", "Infrastructure\Infrastructure.csproj", "{D8F1ECAD-EC90-4967-92EB-15067A4D3081}"
EndProject
Project("{2150E333-8FDC-42A3-9474-1A3956D46DE8}") = "IntegrationTests", "IntegrationTests", "{91F5FFB8-230E-45B4-9DC2-0B3555C12146}"
EndProject
Project("{2150E333-8FDC-42A3-9474-1A3956D46DE8}") = "UnitTests", "UnitTests", "{B8631D09-2873-4B87-AD74-096EF93CD278}"
EndProject
Project("{9A19103F-16F7-4668-BE54-9A1E7A4F7556}") = "ShoppingCart.IntegrationTests", "ShoppingCart.IntegrationTests\ShoppingCart.IntegrationTests.csproj", "{A7586CA2-805B-46A0-BEB7-47C13BD1D749}"
EndProject
Project("{9A19103F-16F7-4668-BE54-9A1E7A4F7556}") = "ShoppingCartUnitTests", "ShoppingCart.UnitTests\ShoppingCartUnitTests.csproj", "{20F7FE1D-E815-4618-BE79-86C333585188}"
EndProject
Global
	GlobalSection(SolutionConfigurationPlatforms) = preSolution
		Debug|Any CPU = Debug|Any CPU
		Release|Any CPU = Release|Any CPU
	EndGlobalSection
	GlobalSection(ProjectConfigurationPlatforms) = postSolution
		{C3F569B1-AC70-4212-86D8-C2910A445071}.Debug|Any CPU.ActiveCfg = Debug|Any CPU
		{C3F569B1-AC70-4212-86D8-C2910A445071}.Debug|Any CPU.Build.0 = Debug|Any CPU
		{C3F569B1-AC70-4212-86D8-C2910A445071}.Release|Any CPU.ActiveCfg = Release|Any CPU
		{C3F569B1-AC70-4212-86D8-C2910A445071}.Release|Any CPU.Build.0 = Release|Any CPU
		{1F03972D-44C1-4D3C-BE61-47E4AE3928D0}.Debug|Any CPU.ActiveCfg = Debug|Any CPU
		{1F03972D-44C1-4D3C-BE61-47E4AE3928D0}.Debug|Any CPU.Build.0 = Debug|Any CPU
		{1F03972D-44C1-4D3C-BE61-47E4AE3928D0}.Release|Any CPU.ActiveCfg = Release|Any CPU
		{1F03972D-44C1-4D3C-BE61-47E4AE3928D0}.Release|Any CPU.Build.0 = Release|Any CPU
		{1ADA9EEF-AEE4-423C-A111-DE75E3A5861D}.Debug|Any CPU.ActiveCfg = Debug|Any CPU
		{1ADA9EEF-AEE4-423C-A111-DE75E3A5861D}.Debug|Any CPU.Build.0 = Debug|Any CPU
		{1ADA9EEF-AEE4-423C-A111-DE75E3A5861D}.Release|Any CPU.ActiveCfg = Release|Any CPU
		{1ADA9EEF-AEE4-423C-A111-DE75E3A5861D}.Release|Any CPU.Build.0 = Release|Any CPU
		{D8F1ECAD-EC90-4967-92EB-15067A4D3081}.Debug|Any CPU.ActiveCfg = Debug|Any CPU
		{D8F1ECAD-EC90-4967-92EB-15067A4D3081}.Debug|Any CPU.Build.0 = Debug|Any CPU
		{D8F1ECAD-EC90-4967-92EB-15067A4D3081}.Release|Any CPU.ActiveCfg = Release|Any CPU
		{D8F1ECAD-EC90-4967-92EB-15067A4D3081}.Release|Any CPU.Build.0 = Release|Any CPU
		{A7586CA2-805B-46A0-BEB7-47C13BD1D749}.Debug|Any CPU.ActiveCfg = Debug|Any CPU
		{A7586CA2-805B-46A0-BEB7-47C13BD1D749}.Debug|Any CPU.Build.0 = Debug|Any CPU
		{A7586CA2-805B-46A0-BEB7-47C13BD1D749}.Release|Any CPU.ActiveCfg = Release|Any CPU
		{A7586CA2-805B-46A0-BEB7-47C13BD1D749}.Release|Any CPU.Build.0 = Release|Any CPU
		{20F7FE1D-E815-4618-BE79-86C333585188}.Debug|Any CPU.ActiveCfg = Debug|Any CPU
		{20F7FE1D-E815-4618-BE79-86C333585188}.Debug|Any CPU.Build.0 = Debug|Any CPU
		{20F7FE1D-E815-4618-BE79-86C333585188}.Release|Any CPU.ActiveCfg = Release|Any CPU
		{20F7FE1D-E815-4618-BE79-86C333585188}.Release|Any CPU.Build.0 = Release|Any CPU
	EndGlobalSection
	GlobalSection(SolutionProperties) = preSolution
		HideSolutionNode = FALSE
	EndGlobalSection
	GlobalSection(NestedProjects) = preSolution
		{C3F569B1-AC70-4212-86D8-C2910A445071} = {C7F19633-4662-4957-BAD3-16AD9A49D361}
		{4CFB07CC-22E6-4E49-A8B3-16EE110CC110} = {C7F19633-4662-4957-BAD3-16AD9A49D361}
		{66B32C2E-415D-4456-97AB-96C542379578} = {C7F19633-4662-4957-BAD3-16AD9A49D361}
		{B1547082-0714-4DB8-8CF1-A2C16FC84C03} = {C7F19633-4662-4957-BAD3-16AD9A49D361}
		{1F03972D-44C1-4D3C-BE61-47E4AE3928D0} = {4CFB07CC-22E6-4E49-A8B3-16EE110CC110}
		{1ADA9EEF-AEE4-423C-A111-DE75E3A5861D} = {B1547082-0714-4DB8-8CF1-A2C16FC84C03}
		{D8F1ECAD-EC90-4967-92EB-15067A4D3081} = {66B32C2E-415D-4456-97AB-96C542379578}
		{91F5FFB8-230E-45B4-9DC2-0B3555C12146} = {F6428EEF-2D21-4171-A9B8-F1CD6F2AAF3E}
		{B8631D09-2873-4B87-AD74-096EF93CD278} = {F6428EEF-2D21-4171-A9B8-F1CD6F2AAF3E}
		{A7586CA2-805B-46A0-BEB7-47C13BD1D749} = {91F5FFB8-230E-45B4-9DC2-0B3555C12146}
		{20F7FE1D-E815-4618-BE79-86C333585188} = {B8631D09-2873-4B87-AD74-096EF93CD278}
	EndGlobalSection
	GlobalSection(ExtensibilityGlobals) = postSolution
		SolutionGuid = {8E79EA43-C819-488C-9095-499913CDECDD}
	EndGlobalSection
EndGlobal
