
Microsoft Visual Studio Solution File, Format Version 12.00
# Visual Studio Version 17
VisualStudioVersion = 17.9.34728.123
MinimumVisualStudioVersion = 10.0.40219.1
Project("{FAE04EC0-301F-11D3-BF4B-00C04F79EFBC}") = "ShoppingCart", "ShoppingCart\ShoppingCart.csproj", "{7D0C2D63-69D1-41EA-8236-3EA95FCAE357}"
EndProject
Global
	GlobalSection(SolutionConfigurationPlatforms) = preSolution
		Debug|Any CPU = Debug|Any CPU
		Release|Any CPU = Release|Any CPU
	EndGlobalSection
	GlobalSection(ProjectConfigurationPlatforms) = postSolution
		{7D0C2D63-69D1-41EA-8236-3EA95FCAE357}.Debug|Any CPU.ActiveCfg = Debug|Any CPU
		{7D0C2D63-69D1-41EA-8236-3EA95FCAE357}.Debug|Any CPU.Build.0 = Debug|Any CPU
		{7D0C2D63-69D1-41EA-8236-3EA95FCAE357}.Release|Any CPU.ActiveCfg = Release|Any CPU
		{7D0C2D63-69D1-41EA-8236-3EA95FCAE357}.Release|Any CPU.Build.0 = Release|Any CPU
	EndGlobalSection
	GlobalSection(SolutionProperties) = preSolution
		HideSolutionNode = FALSE
	EndGlobalSection
	GlobalSection(ExtensibilityGlobals) = postSolution
		SolutionGuid = {727B87DF-A98A-4940-9840-F52C9BFF70EE}
	EndGlobalSection
EndGlobal
